
Microsoft Visual Studio Solution File, Format Version 12.00
# Visual Studio Version 17
VisualStudioVersion = 17.9.34728.123
MinimumVisualStudioVersion = 10.0.40219.1
Project("{FAE04EC0-301F-11D3-BF4B-00C04F79EFBC}") = "snake_Game", "snake_Game\snake_Game.csproj", "{4686B1AA-E408-407D-8525-7FD4B86F39C4}"
EndProject
Global
	GlobalSection(SolutionConfigurationPlatforms) = preSolution
		Debug|Any CPU = Debug|Any CPU
		Release|Any CPU = Release|Any CPU
	EndGlobalSection
	GlobalSection(ProjectConfigurationPlatforms) = postSolution
		{4686B1AA-E408-407D-8525-7FD4B86F39C4}.Debug|Any CPU.ActiveCfg = Debug|Any CPU
		{4686B1AA-E408-407D-8525-7FD4B86F39C4}.Debug|Any CPU.Build.0 = Debug|Any CPU
		{4686B1AA-E408-407D-8525-7FD4B86F39C4}.Release|Any CPU.ActiveCfg = Release|Any CPU
		{4686B1AA-E408-407D-8525-7FD4B86F39C4}.Release|Any CPU.Build.0 = Release|Any CPU
	EndGlobalSection
	GlobalSection(SolutionProperties) = preSolution
		HideSolutionNode = FALSE
	EndGlobalSection
	GlobalSection(ExtensibilityGlobals) = postSolution
		SolutionGuid = {ADEBB696-DD06-4315-B4E3-1A91834F8DD2}
	EndGlobalSection
EndGlobal
